
Microsoft Visual Studio Solution File, Format Version 12.00
# Visual Studio Version 16
VisualStudioVersion = 16.0.30907.101
MinimumVisualStudioVersion = 10.0.40219.1
Project("{9A19103F-16F7-4668-BE54-9A1E7A4F7556}") = "MechanicChecker", "MechanicChecker\MechanicChecker.csproj", "{A29BEB05-CA32-4E8A-ABDB-024D3AF76CF6}"
EndProject
Project("{FAE04EC0-301F-11D3-BF4B-00C04F79EFBC}") = "mechanicCheckerTest", "mechanicCheckerTest\mechanicCheckerTest.csproj", "{BB5B1A6D-5390-4437-80A0-D2F5B61ACEBD}"
EndProject
Global
	GlobalSection(SolutionConfigurationPlatforms) = preSolution
		Debug|Any CPU = Debug|Any CPU
		Release|Any CPU = Release|Any CPU
	EndGlobalSection
	GlobalSection(ProjectConfigurationPlatforms) = postSolution
		{A29BEB05-CA32-4E8A-ABDB-024D3AF76CF6}.Debug|Any CPU.ActiveCfg = Debug|Any CPU
		{A29BEB05-CA32-4E8A-ABDB-024D3AF76CF6}.Debug|Any CPU.Build.0 = Debug|Any CPU
		{A29BEB05-CA32-4E8A-ABDB-024D3AF76CF6}.Release|Any CPU.ActiveCfg = Release|Any CPU
		{A29BEB05-CA32-4E8A-ABDB-024D3AF76CF6}.Release|Any CPU.Build.0 = Release|Any CPU
		{BB5B1A6D-5390-4437-80A0-D2F5B61ACEBD}.Debug|Any CPU.ActiveCfg = Debug|Any CPU
		{BB5B1A6D-5390-4437-80A0-D2F5B61ACEBD}.Debug|Any CPU.Build.0 = Debug|Any CPU
		{BB5B1A6D-5390-4437-80A0-D2F5B61ACEBD}.Release|Any CPU.ActiveCfg = Release|Any CPU
		{BB5B1A6D-5390-4437-80A0-D2F5B61ACEBD}.Release|Any CPU.Build.0 = Release|Any CPU
	EndGlobalSection
	GlobalSection(SolutionProperties) = preSolution
		HideSolutionNode = FALSE
	EndGlobalSection
	GlobalSection(ExtensibilityGlobals) = postSolution
		SolutionGuid = {FD3505EB-7C98-479A-AC96-351D104E092A}
	EndGlobalSection
EndGlobal
