
Microsoft Visual Studio Solution File, Format Version 12.00
# Visual Studio Version 16
VisualStudioVersion = 16.0.30907.101
MinimumVisualStudioVersion = 10.0.40219.1
Project("{FAE04EC0-301F-11D3-BF4B-00C04F79EFBC}") = "MechanicChecker", "MechanicChecker\MechanicChecker.csproj", "{D2807BCA-0B50-43FB-B321-4587D3B99973}"
EndProject
Global
	GlobalSection(SolutionConfigurationPlatforms) = preSolution
		Debug|Any CPU = Debug|Any CPU
		Release|Any CPU = Release|Any CPU
	EndGlobalSection
	GlobalSection(ProjectConfigurationPlatforms) = postSolution
		{D2807BCA-0B50-43FB-B321-4587D3B99973}.Debug|Any CPU.ActiveCfg = Debug|Any CPU
		{D2807BCA-0B50-43FB-B321-4587D3B99973}.Debug|Any CPU.Build.0 = Debug|Any CPU
		{D2807BCA-0B50-43FB-B321-4587D3B99973}.Release|Any CPU.ActiveCfg = Release|Any CPU
		{D2807BCA-0B50-43FB-B321-4587D3B99973}.Release|Any CPU.Build.0 = Release|Any CPU
	EndGlobalSection
	GlobalSection(SolutionProperties) = preSolution
		HideSolutionNode = FALSE
	EndGlobalSection
	GlobalSection(ExtensibilityGlobals) = postSolution
		SolutionGuid = {AFD7647A-9786-4050-A569-5EDA0FB04B24}
	EndGlobalSection
EndGlobal
